
Microsoft Visual Studio Solution File, Format Version 12.00
# Visual Studio Version 17
VisualStudioVersion = 17.3.32811.315
MinimumVisualStudioVersion = 10.0.40219.1
Project("{9A19103F-16F7-4668-BE54-9A1E7A4F7556}") = "SwitchLanguages_Demo", "生物UI\SwitchLanguages_Demo.csproj", "{50B7EFE2-FCCE-48C2-AE78-6495EB739A18}"
EndProject
Global
	GlobalSection(SolutionConfigurationPlatforms) = preSolution
		Debug|Any CPU = Debug|Any CPU
		Release|Any CPU = Release|Any CPU
	EndGlobalSection
	GlobalSection(ProjectConfigurationPlatforms) = postSolution
		{50B7EFE2-FCCE-48C2-AE78-6495EB739A18}.Debug|Any CPU.ActiveCfg = Debug|Any CPU
		{50B7EFE2-FCCE-48C2-AE78-6495EB739A18}.Debug|Any CPU.Build.0 = Debug|Any CPU
		{50B7EFE2-FCCE-48C2-AE78-6495EB739A18}.Release|Any CPU.ActiveCfg = Release|Any CPU
		{50B7EFE2-FCCE-48C2-AE78-6495EB739A18}.Release|Any CPU.Build.0 = Release|Any CPU
	EndGlobalSection
	GlobalSection(SolutionProperties) = preSolution
		HideSolutionNode = FALSE
	EndGlobalSection
	GlobalSection(ExtensibilityGlobals) = postSolution
		SolutionGuid = {A91B03C2-CF5C-4D4C-9711-B8F912BF2C65}
	EndGlobalSection
EndGlobal
